
Microsoft Visual Studio Solution File, Format Version 12.00
# Visual Studio Version 16
VisualStudioVersion = 16.0.31005.135
MinimumVisualStudioVersion = 10.0.40219.1
Project("{FAE04EC0-301F-11D3-BF4B-00C04F79EFBC}") = "nubeees-refFrame", "nubeees-refFrame.csproj", "{FB9C9CF4-F8F4-4A9B-B3A3-E822E46DCBB1}"
EndProject
Global
	GlobalSection(SolutionConfigurationPlatforms) = preSolution
		Debug|Any CPU = Debug|Any CPU
		Release|Any CPU = Release|Any CPU
	EndGlobalSection
	GlobalSection(ProjectConfigurationPlatforms) = postSolution
		{FB9C9CF4-F8F4-4A9B-B3A3-E822E46DCBB1}.Debug|Any CPU.ActiveCfg = Debug|Any CPU
		{FB9C9CF4-F8F4-4A9B-B3A3-E822E46DCBB1}.Debug|Any CPU.Build.0 = Debug|Any CPU
		{FB9C9CF4-F8F4-4A9B-B3A3-E822E46DCBB1}.Release|Any CPU.ActiveCfg = Release|Any CPU
		{FB9C9CF4-F8F4-4A9B-B3A3-E822E46DCBB1}.Release|Any CPU.Build.0 = Release|Any CPU
	EndGlobalSection
	GlobalSection(SolutionProperties) = preSolution
		HideSolutionNode = FALSE
	EndGlobalSection
	GlobalSection(ExtensibilityGlobals) = postSolution
		SolutionGuid = {50FA6539-62D3-446C-84C9-6A5EA190E055}
	EndGlobalSection
EndGlobal
